
Microsoft Visual Studio Solution File, Format Version 12.00
# Visual Studio Version 16
VisualStudioVersion = 25.0.1706.6
MinimumVisualStudioVersion = 10.0.40219.1
Project("{FAE04EC0-301F-11D3-BF4B-00C04F79EFBC}") = "Labb3", "Labb3\Labb3.csproj", "{9EAE6F4C-31D3-4AC5-A11E-CA591EB2B010}"
EndProject
Global
	GlobalSection(SolutionConfigurationPlatforms) = preSolution
		Debug|Any CPU = Debug|Any CPU
		Release|Any CPU = Release|Any CPU
	EndGlobalSection
	GlobalSection(ProjectConfigurationPlatforms) = postSolution
		{9EAE6F4C-31D3-4AC5-A11E-CA591EB2B010}.Debug|Any CPU.ActiveCfg = Debug|Any CPU
		{9EAE6F4C-31D3-4AC5-A11E-CA591EB2B010}.Debug|Any CPU.Build.0 = Debug|Any CPU
		{9EAE6F4C-31D3-4AC5-A11E-CA591EB2B010}.Release|Any CPU.ActiveCfg = Release|Any CPU
		{9EAE6F4C-31D3-4AC5-A11E-CA591EB2B010}.Release|Any CPU.Build.0 = Release|Any CPU
	EndGlobalSection
	GlobalSection(SolutionProperties) = preSolution
		HideSolutionNode = FALSE
	EndGlobalSection
	GlobalSection(ExtensibilityGlobals) = postSolution
		SolutionGuid = {C4D84822-4E6F-4C0D-8D19-0AA90D9F5BFF}
	EndGlobalSection
EndGlobal
